// !$*UTF8*$!
{
	archiveVersion = 1;
	classes = {
	};
	objectVersion = 50;
	objects = {

/* Begin PBXBuildFile section */
		8213B075262705C000FE4D95 /* ConfigurationsView.swift in Sources */ = {isa = PBXBuildFile; fileRef = 8213B074262705C000FE4D95 /* ConfigurationsView.swift */; };
		823382612626D58600ACF0ED /* LatestApp.swift in Sources */ = {isa = PBXBuildFile; fileRef = 823382602626D58600ACF0ED /* LatestApp.swift */; };
		823382632626D58600ACF0ED /* ContentView.swift in Sources */ = {isa = PBXBuildFile; fileRef = 823382622626D58600ACF0ED /* ContentView.swift */; };
		823382652626D58700ACF0ED /* Assets.xcassets in Resources */ = {isa = PBXBuildFile; fileRef = 823382642626D58700ACF0ED /* Assets.xcassets */; };
		823382682626D58700ACF0ED /* Preview Assets.xcassets in Resources */ = {isa = PBXBuildFile; fileRef = 823382672626D58700ACF0ED /* Preview Assets.xcassets */; };
		8233826A2626D58700ACF0ED /* Persistence.swift in Sources */ = {isa = PBXBuildFile; fileRef = 823382692626D58700ACF0ED /* Persistence.swift */; };
		8233826D2626D58700ACF0ED /* Latest.xcdatamodeld in Sources */ = {isa = PBXBuildFile; fileRef = 8233826B2626D58700ACF0ED /* Latest.xcdatamodeld */; };
		823382782626D58800ACF0ED /* LatestTests.swift in Sources */ = {isa = PBXBuildFile; fileRef = 823382772626D58800ACF0ED /* LatestTests.swift */; };
		823382832626D58800ACF0ED /* LatestUITests.swift in Sources */ = {isa = PBXBuildFile; fileRef = 823382822626D58800ACF0ED /* LatestUITests.swift */; };
		8233829C2626DC6B00ACF0ED /* HomeView.swift in Sources */ = {isa = PBXBuildFile; fileRef = 8233829B2626DC6B00ACF0ED /* HomeView.swift */; };
		823382A22626DE8200ACF0ED /* Colors.swift in Sources */ = {isa = PBXBuildFile; fileRef = 823382A12626DE8200ACF0ED /* Colors.swift */; };
		823382AD2626E83700ACF0ED /* NewsRowView.swift in Sources */ = {isa = PBXBuildFile; fileRef = 823382AC2626E83700ACF0ED /* NewsRowView.swift */; };
		8286B5EB2627322100FAD7C2 /* TopicModel.swift in Sources */ = {isa = PBXBuildFile; fileRef = 8286B5EA2627322100FAD7C2 /* TopicModel.swift */; };
		8286B5F02627322A00FAD7C2 /* NewsModel.swift in Sources */ = {isa = PBXBuildFile; fileRef = 8286B5EF2627322A00FAD7C2 /* NewsModel.swift */; };
		828E3CAF262ED5DF006C8892 /* RemoteImage.swift in Sources */ = {isa = PBXBuildFile; fileRef = 828E3CAE262ED5DF006C8892 /* RemoteImage.swift */; };
		82A993C8262822B900562010 /* BookmarkedView.swift in Sources */ = {isa = PBXBuildFile; fileRef = 82A993C7262822B900562010 /* BookmarkedView.swift */; };
		82D07E6C262828B3006E8029 /* SheetHeaderView.swift in Sources */ = {isa = PBXBuildFile; fileRef = 82D07E6B262828B3006E8029 /* SheetHeaderView.swift */; };
		82D07E7426282A82006E8029 /* NavBarView.swift in Sources */ = {isa = PBXBuildFile; fileRef = 82D07E7326282A82006E8029 /* NavBarView.swift */; };
		82DCBBAF262ECB5E00C1A03C /* GetRequest.swift in Sources */ = {isa = PBXBuildFile; fileRef = 82DCBBAE262ECB5E00C1A03C /* GetRequest.swift */; };
		82F3280E26270B290063FD1B /* CoreDataView.swift in Sources */ = {isa = PBXBuildFile; fileRef = 82F3280D26270B290063FD1B /* CoreDataView.swift */; };
		82FB4E9826273DFC0000E8DD /* Strings.swift in Sources */ = {isa = PBXBuildFile; fileRef = 82FB4E9726273DFC0000E8DD /* Strings.swift */; };
		82FB4EA0262780F60000E8DD /* ProfileView.swift in Sources */ = {isa = PBXBuildFile; fileRef = 82FB4E9F262780F60000E8DD /* ProfileView.swift */; };
		82FB4EA6262787910000E8DD /* AppManagerViewModel.swift in Sources */ = {isa = PBXBuildFile; fileRef = 82FB4EA5262787910000E8DD /* AppManagerViewModel.swift */; };
/* End PBXBuildFile section */

/* Begin PBXContainerItemProxy section */
		823382742626D58800ACF0ED /* PBXContainerItemProxy */ = {
			isa = PBXContainerItemProxy;
			containerPortal = 823382552626D58600ACF0ED /* Project object */;
			proxyType = 1;
			remoteGlobalIDString = 8233825C2626D58600ACF0ED;
			remoteInfo = Latest;
		};
		8233827F2626D58800ACF0ED /* PBXContainerItemProxy */ = {
			isa = PBXContainerItemProxy;
			containerPortal = 823382552626D58600ACF0ED /* Project object */;
			proxyType = 1;
			remoteGlobalIDString = 8233825C2626D58600ACF0ED;
			remoteInfo = Latest;
		};
/* End PBXContainerItemProxy section */

/* Begin PBXFileReference section */
		8213B074262705C000FE4D95 /* ConfigurationsView.swift */ = {isa = PBXFileReference; lastKnownFileType = sourcecode.swift; path = ConfigurationsView.swift; sourceTree = "<group>"; };
		8233825D2626D58600ACF0ED /* Latest.app */ = {isa = PBXFileReference; explicitFileType = wrapper.application; includeInIndex = 0; path = Latest.app; sourceTree = BUILT_PRODUCTS_DIR; };
		823382602626D58600ACF0ED /* LatestApp.swift */ = {isa = PBXFileReference; lastKnownFileType = sourcecode.swift; path = LatestApp.swift; sourceTree = "<group>"; };
		823382622626D58600ACF0ED /* ContentView.swift */ = {isa = PBXFileReference; lastKnownFileType = sourcecode.swift; path = ContentView.swift; sourceTree = "<group>"; };
		823382642626D58700ACF0ED /* Assets.xcassets */ = {isa = PBXFileReference; lastKnownFileType = folder.assetcatalog; path = Assets.xcassets; sourceTree = "<group>"; };
		823382672626D58700ACF0ED /* Preview Assets.xcassets */ = {isa = PBXFileReference; lastKnownFileType = folder.assetcatalog; path = "Preview Assets.xcassets"; sourceTree = "<group>"; };
		823382692626D58700ACF0ED /* Persistence.swift */ = {isa = PBXFileReference; lastKnownFileType = sourcecode.swift; path = Persistence.swift; sourceTree = "<group>"; };
		8233826C2626D58700ACF0ED /* Latest.xcdatamodel */ = {isa = PBXFileReference; lastKnownFileType = wrapper.xcdatamodel; path = Latest.xcdatamodel; sourceTree = "<group>"; };
		8233826E2626D58700ACF0ED /* Info.plist */ = {isa = PBXFileReference; lastKnownFileType = text.plist.xml; path = Info.plist; sourceTree = "<group>"; };
		823382732626D58800ACF0ED /* LatestTests.xctest */ = {isa = PBXFileReference; explicitFileType = wrapper.cfbundle; includeInIndex = 0; path = LatestTests.xctest; sourceTree = BUILT_PRODUCTS_DIR; };
		823382772626D58800ACF0ED /* LatestTests.swift */ = {isa = PBXFileReference; lastKnownFileType = sourcecode.swift; path = LatestTests.swift; sourceTree = "<group>"; };
		823382792626D58800ACF0ED /* Info.plist */ = {isa = PBXFileReference; lastKnownFileType = text.plist.xml; path = Info.plist; sourceTree = "<group>"; };
		8233827E2626D58800ACF0ED /* LatestUITests.xctest */ = {isa = PBXFileReference; explicitFileType = wrapper.cfbundle; includeInIndex = 0; path = LatestUITests.xctest; sourceTree = BUILT_PRODUCTS_DIR; };
		823382822626D58800ACF0ED /* LatestUITests.swift */ = {isa = PBXFileReference; lastKnownFileType = sourcecode.swift; path = LatestUITests.swift; sourceTree = "<group>"; };
		823382842626D58800ACF0ED /* Info.plist */ = {isa = PBXFileReference; lastKnownFileType = text.plist.xml; path = Info.plist; sourceTree = "<group>"; };
		8233829B2626DC6B00ACF0ED /* HomeView.swift */ = {isa = PBXFileReference; lastKnownFileType = sourcecode.swift; path = HomeView.swift; sourceTree = "<group>"; };
		823382A12626DE8200ACF0ED /* Colors.swift */ = {isa = PBXFileReference; lastKnownFileType = sourcecode.swift; path = Colors.swift; sourceTree = "<group>"; };
		823382AC2626E83700ACF0ED /* NewsRowView.swift */ = {isa = PBXFileReference; lastKnownFileType = sourcecode.swift; path = NewsRowView.swift; sourceTree = "<group>"; };
		8286B5EA2627322100FAD7C2 /* TopicModel.swift */ = {isa = PBXFileReference; lastKnownFileType = sourcecode.swift; path = TopicModel.swift; sourceTree = "<group>"; };
		8286B5EF2627322A00FAD7C2 /* NewsModel.swift */ = {isa = PBXFileReference; lastKnownFileType = sourcecode.swift; path = NewsModel.swift; sourceTree = "<group>"; };
		828E3CAE262ED5DF006C8892 /* RemoteImage.swift */ = {isa = PBXFileReference; lastKnownFileType = sourcecode.swift; path = RemoteImage.swift; sourceTree = "<group>"; };
		82A993C7262822B900562010 /* BookmarkedView.swift */ = {isa = PBXFileReference; lastKnownFileType = sourcecode.swift; path = BookmarkedView.swift; sourceTree = "<group>"; };
		82D07E6B262828B3006E8029 /* SheetHeaderView.swift */ = {isa = PBXFileReference; lastKnownFileType = sourcecode.swift; path = SheetHeaderView.swift; sourceTree = "<group>"; };
		82D07E7326282A82006E8029 /* NavBarView.swift */ = {isa = PBXFileReference; lastKnownFileType = sourcecode.swift; path = NavBarView.swift; sourceTree = "<group>"; };
		82DCBBAE262ECB5E00C1A03C /* GetRequest.swift */ = {isa = PBXFileReference; lastKnownFileType = sourcecode.swift; path = GetRequest.swift; sourceTree = "<group>"; };
		82F3280D26270B290063FD1B /* CoreDataView.swift */ = {isa = PBXFileReference; lastKnownFileType = sourcecode.swift; path = CoreDataView.swift; sourceTree = "<group>"; };
		82FB4E9726273DFC0000E8DD /* Strings.swift */ = {isa = PBXFileReference; lastKnownFileType = sourcecode.swift; path = Strings.swift; sourceTree = "<group>"; };
		82FB4E9F262780F60000E8DD /* ProfileView.swift */ = {isa = PBXFileReference; lastKnownFileType = sourcecode.swift; path = ProfileView.swift; sourceTree = "<group>"; };
		82FB4EA5262787910000E8DD /* AppManagerViewModel.swift */ = {isa = PBXFileReference; lastKnownFileType = sourcecode.swift; path = AppManagerViewModel.swift; sourceTree = "<group>"; };
/* End PBXFileReference section */

/* Begin PBXFrameworksBuildPhase section */
		8233825A2626D58600ACF0ED /* Frameworks */ = {
			isa = PBXFrameworksBuildPhase;
			buildActionMask = 2147483647;
			files = (
			);
			runOnlyForDeploymentPostprocessing = 0;
		};
		823382702626D58800ACF0ED /* Frameworks */ = {
			isa = PBXFrameworksBuildPhase;
			buildActionMask = 2147483647;
			files = (
			);
			runOnlyForDeploymentPostprocessing = 0;
		};
		8233827B2626D58800ACF0ED /* Frameworks */ = {
			isa = PBXFrameworksBuildPhase;
			buildActionMask = 2147483647;
			files = (
			);
			runOnlyForDeploymentPostprocessing = 0;
		};
/* End PBXFrameworksBuildPhase section */

/* Begin PBXGroup section */
		823382542626D58600ACF0ED = {
			isa = PBXGroup;
			children = (
				8233825F2626D58600ACF0ED /* Latest */,
				823382762626D58800ACF0ED /* LatestTests */,
				823382812626D58800ACF0ED /* LatestUITests */,
				8233825E2626D58600ACF0ED /* Products */,
			);
			sourceTree = "<group>";
		};
		8233825E2626D58600ACF0ED /* Products */ = {
			isa = PBXGroup;
			children = (
				8233825D2626D58600ACF0ED /* Latest.app */,
				823382732626D58800ACF0ED /* LatestTests.xctest */,
				8233827E2626D58800ACF0ED /* LatestUITests.xctest */,
			);
			name = Products;
			sourceTree = "<group>";
		};
		8233825F2626D58600ACF0ED /* Latest */ = {
			isa = PBXGroup;
			children = (
				823382602626D58600ACF0ED /* LatestApp.swift */,
				823382622626D58600ACF0ED /* ContentView.swift */,
				8233829A2626DC6400ACF0ED /* Views */,
				8286B5E92627321400FAD7C2 /* Models */,
				82FB4EA4262787680000E8DD /* ViewModels */,
				82DCBBAD262ECB5500C1A03C /* Networking */,
				823382A02626DE7300ACF0ED /* Helpers */,
				823382642626D58700ACF0ED /* Assets.xcassets */,
				823382692626D58700ACF0ED /* Persistence.swift */,
				8233826E2626D58700ACF0ED /* Info.plist */,
				8233826B2626D58700ACF0ED /* Latest.xcdatamodeld */,
				823382662626D58700ACF0ED /* Preview Content */,
			);
			path = Latest;
			sourceTree = "<group>";
		};
		823382662626D58700ACF0ED /* Preview Content */ = {
			isa = PBXGroup;
			children = (
				823382672626D58700ACF0ED /* Preview Assets.xcassets */,
			);
			path = "Preview Content";
			sourceTree = "<group>";
		};
		823382762626D58800ACF0ED /* LatestTests */ = {
			isa = PBXGroup;
			children = (
				823382772626D58800ACF0ED /* LatestTests.swift */,
				823382792626D58800ACF0ED /* Info.plist */,
			);
			path = LatestTests;
			sourceTree = "<group>";
		};
		823382812626D58800ACF0ED /* LatestUITests */ = {
			isa = PBXGroup;
			children = (
				823382822626D58800ACF0ED /* LatestUITests.swift */,
				823382842626D58800ACF0ED /* Info.plist */,
			);
			path = LatestUITests;
			sourceTree = "<group>";
		};
		8233829A2626DC6400ACF0ED /* Views */ = {
			isa = PBXGroup;
			children = (
				8233829B2626DC6B00ACF0ED /* HomeView.swift */,
				8213B074262705C000FE4D95 /* ConfigurationsView.swift */,
				82A993C7262822B900562010 /* BookmarkedView.swift */,
				82FB4E9F262780F60000E8DD /* ProfileView.swift */,
				82D07E6A262828A9006E8029 /* SubViews */,
				82F3280D26270B290063FD1B /* CoreDataView.swift */,
			);
			path = Views;
			sourceTree = "<group>";
		};
		823382A02626DE7300ACF0ED /* Helpers */ = {
			isa = PBXGroup;
			children = (
				823382A12626DE8200ACF0ED /* Colors.swift */,
				828E3CAE262ED5DF006C8892 /* RemoteImage.swift */,
				82FB4E9726273DFC0000E8DD /* Strings.swift */,
			);
			path = Helpers;
			sourceTree = "<group>";
		};
		8286B5E92627321400FAD7C2 /* Models */ = {
			isa = PBXGroup;
			children = (
				8286B5EA2627322100FAD7C2 /* TopicModel.swift */,
				8286B5EF2627322A00FAD7C2 /* NewsModel.swift */,
			);
			path = Models;
			sourceTree = "<group>";
		};
		82D07E6A262828A9006E8029 /* SubViews */ = {
			isa = PBXGroup;
			children = (
				823382AC2626E83700ACF0ED /* NewsRowView.swift */,
				82D07E6B262828B3006E8029 /* SheetHeaderView.swift */,
				82D07E7326282A82006E8029 /* NavBarView.swift */,
			);
			path = SubViews;
			sourceTree = "<group>";
		};
		82DCBBAD262ECB5500C1A03C /* Networking */ = {
			isa = PBXGroup;
			children = (
				82DCBBAE262ECB5E00C1A03C /* GetRequest.swift */,
			);
			path = Networking;
			sourceTree = "<group>";
		};
		82FB4EA4262787680000E8DD /* ViewModels */ = {
			isa = PBXGroup;
			children = (
				82FB4EA5262787910000E8DD /* AppManagerViewModel.swift */,
			);
			path = ViewModels;
			sourceTree = "<group>";
		};
/* End PBXGroup section */

/* Begin PBXNativeTarget section */
		8233825C2626D58600ACF0ED /* Latest */ = {
			isa = PBXNativeTarget;
			buildConfigurationList = 823382872626D58800ACF0ED /* Build configuration list for PBXNativeTarget "Latest" */;
			buildPhases = (
				823382592626D58600ACF0ED /* Sources */,
				8233825A2626D58600ACF0ED /* Frameworks */,
				8233825B2626D58600ACF0ED /* Resources */,
			);
			buildRules = (
			);
			dependencies = (
			);
			name = Latest;
			productName = Latest;
			productReference = 8233825D2626D58600ACF0ED /* Latest.app */;
			productType = "com.apple.product-type.application";
		};
		823382722626D58800ACF0ED /* LatestTests */ = {
			isa = PBXNativeTarget;
			buildConfigurationList = 8233828A2626D58800ACF0ED /* Build configuration list for PBXNativeTarget "LatestTests" */;
			buildPhases = (
				8233826F2626D58800ACF0ED /* Sources */,
				823382702626D58800ACF0ED /* Frameworks */,
				823382712626D58800ACF0ED /* Resources */,
			);
			buildRules = (
			);
			dependencies = (
				823382752626D58800ACF0ED /* PBXTargetDependency */,
			);
			name = LatestTests;
			productName = LatestTests;
			productReference = 823382732626D58800ACF0ED /* LatestTests.xctest */;
			productType = "com.apple.product-type.bundle.unit-test";
		};
		8233827D2626D58800ACF0ED /* LatestUITests */ = {
			isa = PBXNativeTarget;
			buildConfigurationList = 8233828D2626D58800ACF0ED /* Build configuration list for PBXNativeTarget "LatestUITests" */;
			buildPhases = (
				8233827A2626D58800ACF0ED /* Sources */,
				8233827B2626D58800ACF0ED /* Frameworks */,
				8233827C2626D58800ACF0ED /* Resources */,
			);
			buildRules = (
			);
			dependencies = (
				823382802626D58800ACF0ED /* PBXTargetDependency */,
			);
			name = LatestUITests;
			productName = LatestUITests;
			productReference = 8233827E2626D58800ACF0ED /* LatestUITests.xctest */;
			productType = "com.apple.product-type.bundle.ui-testing";
		};
/* End PBXNativeTarget section */

/* Begin PBXProject section */
		823382552626D58600ACF0ED /* Project object */ = {
			isa = PBXProject;
			attributes = {
				LastSwiftUpdateCheck = 1230;
				LastUpgradeCheck = 1230;
				TargetAttributes = {
					8233825C2626D58600ACF0ED = {
						CreatedOnToolsVersion = 12.3;
					};
					823382722626D58800ACF0ED = {
						CreatedOnToolsVersion = 12.3;
						TestTargetID = 8233825C2626D58600ACF0ED;
					};
					8233827D2626D58800ACF0ED = {
						CreatedOnToolsVersion = 12.3;
						TestTargetID = 8233825C2626D58600ACF0ED;
					};
				};
			};
			buildConfigurationList = 823382582626D58600ACF0ED /* Build configuration list for PBXProject "Latest" */;
			compatibilityVersion = "Xcode 9.3";
			developmentRegion = en;
			hasScannedForEncodings = 0;
			knownRegions = (
				en,
				Base,
			);
			mainGroup = 823382542626D58600ACF0ED;
			productRefGroup = 8233825E2626D58600ACF0ED /* Products */;
			projectDirPath = "";
			projectRoot = "";
			targets = (
				8233825C2626D58600ACF0ED /* Latest */,
				823382722626D58800ACF0ED /* LatestTests */,
				8233827D2626D58800ACF0ED /* LatestUITests */,
			);
		};
/* End PBXProject section */

/* Begin PBXResourcesBuildPhase section */
		8233825B2626D58600ACF0ED /* Resources */ = {
			isa = PBXResourcesBuildPhase;
			buildActionMask = 2147483647;
			files = (
				823382682626D58700ACF0ED /* Preview Assets.xcassets in Resources */,
				823382652626D58700ACF0ED /* Assets.xcassets in Resources */,
			);
			runOnlyForDeploymentPostprocessing = 0;
		};
		823382712626D58800ACF0ED /* Resources */ = {
			isa = PBXResourcesBuildPhase;
			buildActionMask = 2147483647;
			files = (
			);
			runOnlyForDeploymentPostprocessing = 0;
		};
		8233827C2626D58800ACF0ED /* Resources */ = {
			isa = PBXResourcesBuildPhase;
			buildActionMask = 2147483647;
			files = (
			);
			runOnlyForDeploymentPostprocessing = 0;
		};
/* End PBXResourcesBuildPhase section */

/* Begin PBXSourcesBuildPhase section */
		823382592626D58600ACF0ED /* Sources */ = {
			isa = PBXSourcesBuildPhase;
			buildActionMask = 2147483647;
			files = (
				8233826D2626D58700ACF0ED /* Latest.xcdatamodeld in Sources */,
				82FB4EA0262780F60000E8DD /* ProfileView.swift in Sources */,
				82D07E7426282A82006E8029 /* NavBarView.swift in Sources */,
				8213B075262705C000FE4D95 /* ConfigurationsView.swift in Sources */,
				823382A22626DE8200ACF0ED /* Colors.swift in Sources */,
				828E3CAF262ED5DF006C8892 /* RemoteImage.swift in Sources */,
				8233826A2626D58700ACF0ED /* Persistence.swift in Sources */,
				823382AD2626E83700ACF0ED /* NewsRowView.swift in Sources */,
				82FB4EA6262787910000E8DD /* AppManagerViewModel.swift in Sources */,
				8286B5EB2627322100FAD7C2 /* TopicModel.swift in Sources */,
				82A993C8262822B900562010 /* BookmarkedView.swift in Sources */,
				8286B5F02627322A00FAD7C2 /* NewsModel.swift in Sources */,
				82F3280E26270B290063FD1B /* CoreDataView.swift in Sources */,
				823382632626D58600ACF0ED /* ContentView.swift in Sources */,
				8233829C2626DC6B00ACF0ED /* HomeView.swift in Sources */,
				82DCBBAF262ECB5E00C1A03C /* GetRequest.swift in Sources */,
				82D07E6C262828B3006E8029 /* SheetHeaderView.swift in Sources */,
				82FB4E9826273DFC0000E8DD /* Strings.swift in Sources */,
				823382612626D58600ACF0ED /* LatestApp.swift in Sources */,
			);
			runOnlyForDeploymentPostprocessing = 0;
		};
		8233826F2626D58800ACF0ED /* Sources */ = {
			isa = PBXSourcesBuildPhase;
			buildActionMask = 2147483647;
			files = (
				823382782626D58800ACF0ED /* LatestTests.swift in Sources */,
			);
			runOnlyForDeploymentPostprocessing = 0;
		};
		8233827A2626D58800ACF0ED /* Sources */ = {
			isa = PBXSourcesBuildPhase;
			buildActionMask = 2147483647;
			files = (
				823382832626D58800ACF0ED /* LatestUITests.swift in Sources */,
			);
			runOnlyForDeploymentPostprocessing = 0;
		};
/* End PBXSourcesBuildPhase section */

/* Begin PBXTargetDependency section */
		823382752626D58800ACF0ED /* PBXTargetDependency */ = {
			isa = PBXTargetDependency;
			target = 8233825C2626D58600ACF0ED /* Latest */;
			targetProxy = 823382742626D58800ACF0ED /* PBXContainerItemProxy */;
		};
		823382802626D58800ACF0ED /* PBXTargetDependency */ = {
			isa = PBXTargetDependency;
			target = 8233825C2626D58600ACF0ED /* Latest */;
			targetProxy = 8233827F2626D58800ACF0ED /* PBXContainerItemProxy */;
		};
/* End PBXTargetDependency section */

/* Begin XCBuildConfiguration section */
		823382852626D58800ACF0ED /* Debug */ = {
			isa = XCBuildConfiguration;
			buildSettings = {
				ALWAYS_SEARCH_USER_PATHS = NO;
				CLANG_ANALYZER_NONNULL = YES;
				CLANG_ANALYZER_NUMBER_OBJECT_CONVERSION = YES_AGGRESSIVE;
				CLANG_CXX_LANGUAGE_STANDARD = "gnu++14";
				CLANG_CXX_LIBRARY = "libc++";
				CLANG_ENABLE_MODULES = YES;
				CLANG_ENABLE_OBJC_ARC = YES;
				CLANG_ENABLE_OBJC_WEAK = YES;
				CLANG_WARN_BLOCK_CAPTURE_AUTORELEASING = YES;
				CLANG_WARN_BOOL_CONVERSION = YES;
				CLANG_WARN_COMMA = YES;
				CLANG_WARN_CONSTANT_CONVERSION = YES;
				CLANG_WARN_DEPRECATED_OBJC_IMPLEMENTATIONS = YES;
				CLANG_WARN_DIRECT_OBJC_ISA_USAGE = YES_ERROR;
				CLANG_WARN_DOCUMENTATION_COMMENTS = YES;
				CLANG_WARN_EMPTY_BODY = YES;
				CLANG_WARN_ENUM_CONVERSION = YES;
				CLANG_WARN_INFINITE_RECURSION = YES;
				CLANG_WARN_INT_CONVERSION = YES;
				CLANG_WARN_NON_LITERAL_NULL_CONVERSION = YES;
				CLANG_WARN_OBJC_IMPLICIT_RETAIN_SELF = YES;
				CLANG_WARN_OBJC_LITERAL_CONVERSION = YES;
				CLANG_WARN_OBJC_ROOT_CLASS = YES_ERROR;
				CLANG_WARN_QUOTED_INCLUDE_IN_FRAMEWORK_HEADER = YES;
				CLANG_WARN_RANGE_LOOP_ANALYSIS = YES;
				CLANG_WARN_STRICT_PROTOTYPES = YES;
				CLANG_WARN_SUSPICIOUS_MOVE = YES;
				CLANG_WARN_UNGUARDED_AVAILABILITY = YES_AGGRESSIVE;
				CLANG_WARN_UNREACHABLE_CODE = YES;
				CLANG_WARN__DUPLICATE_METHOD_MATCH = YES;
				COPY_PHASE_STRIP = NO;
				DEBUG_INFORMATION_FORMAT = dwarf;
				ENABLE_STRICT_OBJC_MSGSEND = YES;
				ENABLE_TESTABILITY = YES;
				GCC_C_LANGUAGE_STANDARD = gnu11;
				GCC_DYNAMIC_NO_PIC = NO;
				GCC_NO_COMMON_BLOCKS = YES;
				GCC_OPTIMIZATION_LEVEL = 0;
				GCC_PREPROCESSOR_DEFINITIONS = (
					"DEBUG=1",
					"$(inherited)",
				);
				GCC_WARN_64_TO_32_BIT_CONVERSION = YES;
				GCC_WARN_ABOUT_RETURN_TYPE = YES_ERROR;
				GCC_WARN_UNDECLARED_SELECTOR = YES;
				GCC_WARN_UNINITIALIZED_AUTOS = YES_AGGRESSIVE;
				GCC_WARN_UNUSED_FUNCTION = YES;
				GCC_WARN_UNUSED_VARIABLE = YES;
				IPHONEOS_DEPLOYMENT_TARGET = 14.3;
				MTL_ENABLE_DEBUG_INFO = INCLUDE_SOURCE;
				MTL_FAST_MATH = YES;
				ONLY_ACTIVE_ARCH = YES;
				SDKROOT = iphoneos;
				SWIFT_ACTIVE_COMPILATION_CONDITIONS = DEBUG;
				SWIFT_OPTIMIZATION_LEVEL = "-Onone";
			};
			name = Debug;
		};
		823382862626D58800ACF0ED /* Release */ = {
			isa = XCBuildConfiguration;
			buildSettings = {
				ALWAYS_SEARCH_USER_PATHS = NO;
				CLANG_ANALYZER_NONNULL = YES;
				CLANG_ANALYZER_NUMBER_OBJECT_CONVERSION = YES_AGGRESSIVE;
				CLANG_CXX_LANGUAGE_STANDARD = "gnu++14";
				CLANG_CXX_LIBRARY = "libc++";
				CLANG_ENABLE_MODULES = YES;
				CLANG_ENABLE_OBJC_ARC = YES;
				CLANG_ENABLE_OBJC_WEAK = YES;
				CLANG_WARN_BLOCK_CAPTURE_AUTORELEASING = YES;
				CLANG_WARN_BOOL_CONVERSION = YES;
				CLANG_WARN_COMMA = YES;
				CLANG_WARN_CONSTANT_CONVERSION = YES;
				CLANG_WARN_DEPRECATED_OBJC_IMPLEMENTATIONS = YES;
				CLANG_WARN_DIRECT_OBJC_ISA_USAGE = YES_ERROR;
				CLANG_WARN_DOCUMENTATION_COMMENTS = YES;
				CLANG_WARN_EMPTY_BODY = YES;
				CLANG_WARN_ENUM_CONVERSION = YES;
				CLANG_WARN_INFINITE_RECURSION = YES;
				CLANG_WARN_INT_CONVERSION = YES;
				CLANG_WARN_NON_LITERAL_NULL_CONVERSION = YES;
				CLANG_WARN_OBJC_IMPLICIT_RETAIN_SELF = YES;
				CLANG_WARN_OBJC_LITERAL_CONVERSION = YES;
				CLANG_WARN_OBJC_ROOT_CLASS = YES_ERROR;
				CLANG_WARN_QUOTED_INCLUDE_IN_FRAMEWORK_HEADER = YES;
				CLANG_WARN_RANGE_LOOP_ANALYSIS = YES;
				CLANG_WARN_STRICT_PROTOTYPES = YES;
				CLANG_WARN_SUSPICIOUS_MOVE = YES;
				CLANG_WARN_UNGUARDED_AVAILABILITY = YES_AGGRESSIVE;
				CLANG_WARN_UNREACHABLE_CODE = YES;
				CLANG_WARN__DUPLICATE_METHOD_MATCH = YES;
				COPY_PHASE_STRIP = NO;
				DEBUG_INFORMATION_FORMAT = "dwarf-with-dsym";
				ENABLE_NS_ASSERTIONS = NO;
				ENABLE_STRICT_OBJC_MSGSEND = YES;
				GCC_C_LANGUAGE_STANDARD = gnu11;
				GCC_NO_COMMON_BLOCKS = YES;
				GCC_WARN_64_TO_32_BIT_CONVERSION = YES;
				GCC_WARN_ABOUT_RETURN_TYPE = YES_ERROR;
				GCC_WARN_UNDECLARED_SELECTOR = YES;
				GCC_WARN_UNINITIALIZED_AUTOS = YES_AGGRESSIVE;
				GCC_WARN_UNUSED_FUNCTION = YES;
				GCC_WARN_UNUSED_VARIABLE = YES;
				IPHONEOS_DEPLOYMENT_TARGET = 14.3;
				MTL_ENABLE_DEBUG_INFO = NO;
				MTL_FAST_MATH = YES;
				SDKROOT = iphoneos;
				SWIFT_COMPILATION_MODE = wholemodule;
				SWIFT_OPTIMIZATION_LEVEL = "-O";
				VALIDATE_PRODUCT = YES;
			};
			name = Release;
		};
		823382882626D58800ACF0ED /* Debug */ = {
			isa = XCBuildConfiguration;
			buildSettings = {
				ASSETCATALOG_COMPILER_APPICON_NAME = AppIcon;
				ASSETCATALOG_COMPILER_GLOBAL_ACCENT_COLOR_NAME = AccentColor;
				CODE_SIGN_STYLE = Automatic;
				DEVELOPMENT_ASSET_PATHS = "\"Latest/Preview Content\"";
				DEVELOPMENT_TEAM = 9C9R36NYWY;
				ENABLE_PREVIEWS = YES;
				INFOPLIST_FILE = Latest/Info.plist;
				IPHONEOS_DEPLOYMENT_TARGET = 14.0;
				LD_RUNPATH_SEARCH_PATHS = (
					"$(inherited)",
					"@executable_path/Frameworks",
				);
				PRODUCT_BUNDLE_IDENTIFIER = com.cedricbahirwe.latest.Latest;
				PRODUCT_NAME = "$(TARGET_NAME)";
				SWIFT_VERSION = 5.0;
				TARGETED_DEVICE_FAMILY = "1,2";
			};
			name = Debug;
		};
		823382892626D58800ACF0ED /* Release */ = {
			isa = XCBuildConfiguration;
			buildSettings = {
				ASSETCATALOG_COMPILER_APPICON_NAME = AppIcon;
				ASSETCATALOG_COMPILER_GLOBAL_ACCENT_COLOR_NAME = AccentColor;
				CODE_SIGN_STYLE = Automatic;
				DEVELOPMENT_ASSET_PATHS = "\"Latest/Preview Content\"";
				DEVELOPMENT_TEAM = 9C9R36NYWY;
				ENABLE_PREVIEWS = YES;
				INFOPLIST_FILE = Latest/Info.plist;
				IPHONEOS_DEPLOYMENT_TARGET = 14.0;
				LD_RUNPATH_SEARCH_PATHS = (
					"$(inherited)",
					"@executable_path/Frameworks",
				);
				PRODUCT_BUNDLE_IDENTIFIER = com.cedricbahirwe.latest.Latest;
				PRODUCT_NAME = "$(TARGET_NAME)";
				SWIFT_VERSION = 5.0;
				TARGETED_DEVICE_FAMILY = "1,2";
			};
			name = Release;
		};
		8233828B2626D58800ACF0ED /* Debug */ = {
			isa = XCBuildConfiguration;
			buildSettings = {
				ALWAYS_EMBED_SWIFT_STANDARD_LIBRARIES = YES;
				BUNDLE_LOADER = "$(TEST_HOST)";
				CODE_SIGN_STYLE = Automatic;
				DEVELOPMENT_TEAM = 9C9R36NYWY;
				INFOPLIST_FILE = LatestTests/Info.plist;
				IPHONEOS_DEPLOYMENT_TARGET = 14.0;
				LD_RUNPATH_SEARCH_PATHS = (
					"$(inherited)",
					"@executable_path/Frameworks",
					"@loader_path/Frameworks",
				);
				PRODUCT_BUNDLE_IDENTIFIER = com.cedricbahirwe.latest.LatestTests;
				PRODUCT_NAME = "$(TARGET_NAME)";
				SWIFT_VERSION = 5.0;
				TARGETED_DEVICE_FAMILY = "1,2";
				TEST_HOST = "$(BUILT_PRODUCTS_DIR)/Latest.app/Latest";
			};
			name = Debug;
		};
		8233828C2626D58800ACF0ED /* Release */ = {
			isa = XCBuildConfiguration;
			buildSettings = {
				ALWAYS_EMBED_SWIFT_STANDARD_LIBRARIES = YES;
				BUNDLE_LOADER = "$(TEST_HOST)";
				CODE_SIGN_STYLE = Automatic;
				DEVELOPMENT_TEAM = 9C9R36NYWY;
				INFOPLIST_FILE = LatestTests/Info.plist;
				IPHONEOS_DEPLOYMENT_TARGET = 14.0;
				LD_RUNPATH_SEARCH_PATHS = (
					"$(inherited)",
					"@executable_path/Frameworks",
					"@loader_path/Frameworks",
				);
				PRODUCT_BUNDLE_IDENTIFIER = com.cedricbahirwe.latest.LatestTests;
				PRODUCT_NAME = "$(TARGET_NAME)";
				SWIFT_VERSION = 5.0;
				TARGETED_DEVICE_FAMILY = "1,2";
				TEST_HOST = "$(BUILT_PRODUCTS_DIR)/Latest.app/Latest";
			};
			name = Release;
		};
		8233828E2626D58800ACF0ED /* Debug */ = {
			isa = XCBuildConfiguration;
			buildSettings = {
				ALWAYS_EMBED_SWIFT_STANDARD_LIBRARIES = YES;
				CODE_SIGN_STYLE = Automatic;
				DEVELOPMENT_TEAM = 9C9R36NYWY;
				INFOPLIST_FILE = LatestUITests/Info.plist;
				LD_RUNPATH_SEARCH_PATHS = (
					"$(inherited)",
					"@executable_path/Frameworks",
					"@loader_path/Frameworks",
				);
				PRODUCT_BUNDLE_IDENTIFIER = com.cedricbahirwe.latest.LatestUITests;
				PRODUCT_NAME = "$(TARGET_NAME)";
				SWIFT_VERSION = 5.0;
				TARGETED_DEVICE_FAMILY = "1,2";
				TEST_TARGET_NAME = Latest;
			};
			name = Debug;
		};
		8233828F2626D58800ACF0ED /* Release */ = {
			isa = XCBuildConfiguration;
			buildSettings = {
				ALWAYS_EMBED_SWIFT_STANDARD_LIBRARIES = YES;
				CODE_SIGN_STYLE = Automatic;
				DEVELOPMENT_TEAM = 9C9R36NYWY;
				INFOPLIST_FILE = LatestUITests/Info.plist;
				LD_RUNPATH_SEARCH_PATHS = (
					"$(inherited)",
					"@executable_path/Frameworks",
					"@loader_path/Frameworks",
				);
				PRODUCT_BUNDLE_IDENTIFIER = com.cedricbahirwe.latest.LatestUITests;
				PRODUCT_NAME = "$(TARGET_NAME)";
				SWIFT_VERSION = 5.0;
				TARGETED_DEVICE_FAMILY = "1,2";
				TEST_TARGET_NAME = Latest;
			};
			name = Release;
		};
/* End XCBuildConfiguration section */

/* Begin XCConfigurationList section */
		823382582626D58600ACF0ED /* Build configuration list for PBXProject "Latest" */ = {
			isa = XCConfigurationList;
			buildConfigurations = (
				823382852626D58800ACF0ED /* Debug */,
				823382862626D58800ACF0ED /* Release */,
			);
			defaultConfigurationIsVisible = 0;
			defaultConfigurationName = Release;
		};
		823382872626D58800ACF0ED /* Build configuration list for PBXNativeTarget "Latest" */ = {
			isa = XCConfigurationList;
			buildConfigurations = (
				823382882626D58800ACF0ED /* Debug */,
				823382892626D58800ACF0ED /* Release */,
			);
			defaultConfigurationIsVisible = 0;
			defaultConfigurationName = Release;
		};
		8233828A2626D58800ACF0ED /* Build configuration list for PBXNativeTarget "LatestTests" */ = {
			isa = XCConfigurationList;
			buildConfigurations = (
				8233828B2626D58800ACF0ED /* Debug */,
				8233828C2626D58800ACF0ED /* Release */,
			);
			defaultConfigurationIsVisible = 0;
			defaultConfigurationName = Release;
		};
		8233828D2626D58800ACF0ED /* Build configuration list for PBXNativeTarget "LatestUITests" */ = {
			isa = XCConfigurationList;
			buildConfigurations = (
				8233828E2626D58800ACF0ED /* Debug */,
				8233828F2626D58800ACF0ED /* Release */,
			);
			defaultConfigurationIsVisible = 0;
			defaultConfigurationName = Release;
		};
/* End XCConfigurationList section */

/* Begin XCVersionGroup section */
		8233826B2626D58700ACF0ED /* Latest.xcdatamodeld */ = {
			isa = XCVersionGroup;
			children = (
				8233826C2626D58700ACF0ED /* Latest.xcdatamodel */,
			);
			currentVersion = 8233826C2626D58700ACF0ED /* Latest.xcdatamodel */;
			path = Latest.xcdatamodeld;
			sourceTree = "<group>";
			versionGroupType = wrapper.xcdatamodel;
		};
/* End XCVersionGroup section */
	};
	rootObject = 823382552626D58600ACF0ED /* Project object */;
}
